// !$*UTF8*$!
{
	archiveVersion = 1;
	classes = {
	};
	objectVersion = 56;
	objects = {

/* Begin PBXBuildFile section */
		6FEBD7D72A225CDA003C2FC3 /* AppDelegate.swift in Sources */ = {isa = PBXBuildFile; fileRef = 6FEBD7D62A225CDA003C2FC3 /* AppDelegate.swift */; };
		6FEBD7D92A225CDA003C2FC3 /* SceneDelegate.swift in Sources */ = {isa = PBXBuildFile; fileRef = 6FEBD7D82A225CDA003C2FC3 /* SceneDelegate.swift */; };
		6FEBD7DB2A225CDA003C2FC3 /* ViewController.swift in Sources */ = {isa = PBXBuildFile; fileRef = 6FEBD7DA2A225CDA003C2FC3 /* ViewController.swift */; };
		6FEBD7DE2A225CDA003C2FC3 /* Main.storyboard in Resources */ = {isa = PBXBuildFile; fileRef = 6FEBD7DC2A225CDA003C2FC3 /* Main.storyboard */; };
		6FEBD7E02A225CDB003C2FC3 /* Assets.xcassets in Resources */ = {isa = PBXBuildFile; fileRef = 6FEBD7DF2A225CDB003C2FC3 /* Assets.xcassets */; };
		6FEBD7E32A225CDB003C2FC3 /* LaunchScreen.storyboard in Resources */ = {isa = PBXBuildFile; fileRef = 6FEBD7E12A225CDB003C2FC3 /* LaunchScreen.storyboard */; };
		6FEBD7EE2A225CDB003C2FC3 /* calcExpressTests.swift in Sources */ = {isa = PBXBuildFile; fileRef = 6FEBD7ED2A225CDB003C2FC3 /* calcExpressTests.swift */; };
		6FEBD7F82A225CDB003C2FC3 /* calcExpressUITests.swift in Sources */ = {isa = PBXBuildFile; fileRef = 6FEBD7F72A225CDB003C2FC3 /* calcExpressUITests.swift */; };
		6FEBD7FA2A225CDB003C2FC3 /* calcExpressUITestsLaunchTests.swift in Sources */ = {isa = PBXBuildFile; fileRef = 6FEBD7F92A225CDB003C2FC3 /* calcExpressUITestsLaunchTests.swift */; };
/* End PBXBuildFile section */

/* Begin PBXContainerItemProxy section */
		6FEBD7EA2A225CDB003C2FC3 /* PBXContainerItemProxy */ = {
			isa = PBXContainerItemProxy;
			containerPortal = 6FEBD7CB2A225CD9003C2FC3 /* Project object */;
			proxyType = 1;
			remoteGlobalIDString = 6FEBD7D22A225CDA003C2FC3;
			remoteInfo = calcExpress;
		};
		6FEBD7F42A225CDB003C2FC3 /* PBXContainerItemProxy */ = {
			isa = PBXContainerItemProxy;
			containerPortal = 6FEBD7CB2A225CD9003C2FC3 /* Project object */;
			proxyType = 1;
			remoteGlobalIDString = 6FEBD7D22A225CDA003C2FC3;
			remoteInfo = calcExpress;
		};
/* End PBXContainerItemProxy section */

/* Begin PBXFileReference section */
		6FEBD7D32A225CDA003C2FC3 /* calcExpress.app */ = {isa = PBXFileReference; explicitFileType = wrapper.application; includeInIndex = 0; path = calcExpress.app; sourceTree = BUILT_PRODUCTS_DIR; };
		6FEBD7D62A225CDA003C2FC3 /* AppDelegate.swift */ = {isa = PBXFileReference; lastKnownFileType = sourcecode.swift; path = AppDelegate.swift; sourceTree = "<group>"; };
		6FEBD7D82A225CDA003C2FC3 /* SceneDelegate.swift */ = {isa = PBXFileReference; lastKnownFileType = sourcecode.swift; path = SceneDelegate.swift; sourceTree = "<group>"; };
		6FEBD7DA2A225CDA003C2FC3 /* ViewController.swift */ = {isa = PBXFileReference; lastKnownFileType = sourcecode.swift; path = ViewController.swift; sourceTree = "<group>"; };
		6FEBD7DD2A225CDA003C2FC3 /* Base */ = {isa = PBXFileReference; lastKnownFileType = file.storyboard; name = Base; path = Base.lproj/Main.storyboard; sourceTree = "<group>"; };
		6FEBD7DF2A225CDB003C2FC3 /* Assets.xcassets */ = {isa = PBXFileReference; lastKnownFileType = folder.assetcatalog; path = Assets.xcassets; sourceTree = "<group>"; };
		6FEBD7E22A225CDB003C2FC3 /* Base */ = {isa = PBXFileReference; lastKnownFileType = file.storyboard; name = Base; path = Base.lproj/LaunchScreen.storyboard; sourceTree = "<group>"; };
		6FEBD7E42A225CDB003C2FC3 /* Info.plist */ = {isa = PBXFileReference; lastKnownFileType = text.plist.xml; path = Info.plist; sourceTree = "<group>"; };
		6FEBD7E92A225CDB003C2FC3 /* calcExpressTests.xctest */ = {isa = PBXFileReference; explicitFileType = wrapper.cfbundle; includeInIndex = 0; path = calcExpressTests.xctest; sourceTree = BUILT_PRODUCTS_DIR; };
		6FEBD7ED2A225CDB003C2FC3 /* calcExpressTests.swift */ = {isa = PBXFileReference; lastKnownFileType = sourcecode.swift; path = calcExpressTests.swift; sourceTree = "<group>"; };
		6FEBD7F32A225CDB003C2FC3 /* calcExpressUITests.xctest */ = {isa = PBXFileReference; explicitFileType = wrapper.cfbundle; includeInIndex = 0; path = calcExpressUITests.xctest; sourceTree = BUILT_PRODUCTS_DIR; };
		6FEBD7F72A225CDB003C2FC3 /* calcExpressUITests.swift */ = {isa = PBXFileReference; lastKnownFileType = sourcecode.swift; path = calcExpressUITests.swift; sourceTree = "<group>"; };
		6FEBD7F92A225CDB003C2FC3 /* calcExpressUITestsLaunchTests.swift */ = {isa = PBXFileReference; lastKnownFileType = sourcecode.swift; path = calcExpressUITestsLaunchTests.swift; sourceTree = "<group>"; };
/* End PBXFileReference section */

/* Begin PBXFrameworksBuildPhase section */
		6FEBD7D02A225CDA003C2FC3 /* Frameworks */ = {
			isa = PBXFrameworksBuildPhase;
			buildActionMask = 2147483647;
			files = (
			);
			runOnlyForDeploymentPostprocessing = 0;
		};
		6FEBD7E62A225CDB003C2FC3 /* Frameworks */ = {
			isa = PBXFrameworksBuildPhase;
			buildActionMask = 2147483647;
			files = (
			);
			runOnlyForDeploymentPostprocessing = 0;
		};
		6FEBD7F02A225CDB003C2FC3 /* Frameworks */ = {
			isa = PBXFrameworksBuildPhase;
			buildActionMask = 2147483647;
			files = (
			);
			runOnlyForDeploymentPostprocessing = 0;
		};
/* End PBXFrameworksBuildPhase section */

/* Begin PBXGroup section */
		6FEBD7CA2A225CD9003C2FC3 = {
			isa = PBXGroup;
			children = (
				6FEBD7D52A225CDA003C2FC3 /* calcExpress */,
				6FEBD7EC2A225CDB003C2FC3 /* calcExpressTests */,
				6FEBD7F62A225CDB003C2FC3 /* calcExpressUITests */,
				6FEBD7D42A225CDA003C2FC3 /* Products */,
			);
			sourceTree = "<group>";
		};
		6FEBD7D42A225CDA003C2FC3 /* Products */ = {
			isa = PBXGroup;
			children = (
				6FEBD7D32A225CDA003C2FC3 /* calcExpress.app */,
				6FEBD7E92A225CDB003C2FC3 /* calcExpressTests.xctest */,
				6FEBD7F32A225CDB003C2FC3 /* calcExpressUITests.xctest */,
			);
			name = Products;
			sourceTree = "<group>";
		};
		6FEBD7D52A225CDA003C2FC3 /* calcExpress */ = {
			isa = PBXGroup;
			children = (
				6FEBD7D62A225CDA003C2FC3 /* AppDelegate.swift */,
				6FEBD7D82A225CDA003C2FC3 /* SceneDelegate.swift */,
				6FEBD7DA2A225CDA003C2FC3 /* ViewController.swift */,
				6FEBD7DC2A225CDA003C2FC3 /* Main.storyboard */,
				6FEBD7DF2A225CDB003C2FC3 /* Assets.xcassets */,
				6FEBD7E12A225CDB003C2FC3 /* LaunchScreen.storyboard */,
				6FEBD7E42A225CDB003C2FC3 /* Info.plist */,
			);
			path = calcExpress;
			sourceTree = "<group>";
		};
		6FEBD7EC2A225CDB003C2FC3 /* calcExpressTests */ = {
			isa = PBXGroup;
			children = (
				6FEBD7ED2A225CDB003C2FC3 /* calcExpressTests.swift */,
			);
			path = calcExpressTests;
			sourceTree = "<group>";
		};
		6FEBD7F62A225CDB003C2FC3 /* calcExpressUITests */ = {
			isa = PBXGroup;
			children = (
				6FEBD7F72A225CDB003C2FC3 /* calcExpressUITests.swift */,
				6FEBD7F92A225CDB003C2FC3 /* calcExpressUITestsLaunchTests.swift */,
			);
			path = calcExpressUITests;
			sourceTree = "<group>";
		};
/* End PBXGroup section */

/* Begin PBXNativeTarget section */
		6FEBD7D22A225CDA003C2FC3 /* calcExpress */ = {
			isa = PBXNativeTarget;
			buildConfigurationList = 6FEBD7FD2A225CDB003C2FC3 /* Build configuration list for PBXNativeTarget "calcExpress" */;
			buildPhases = (
				6FEBD7CF2A225CDA003C2FC3 /* Sources */,
				6FEBD7D02A225CDA003C2FC3 /* Frameworks */,
				6FEBD7D12A225CDA003C2FC3 /* Resources */,
			);
			buildRules = (
			);
			dependencies = (
			);
			name = calcExpress;
			productName = calcExpress;
			productReference = 6FEBD7D32A225CDA003C2FC3 /* calcExpress.app */;
			productType = "com.apple.product-type.application";
		};
		6FEBD7E82A225CDB003C2FC3 /* calcExpressTests */ = {
			isa = PBXNativeTarget;
			buildConfigurationList = 6FEBD8002A225CDB003C2FC3 /* Build configuration list for PBXNativeTarget "calcExpressTests" */;
			buildPhases = (
				6FEBD7E52A225CDB003C2FC3 /* Sources */,
				6FEBD7E62A225CDB003C2FC3 /* Frameworks */,
				6FEBD7E72A225CDB003C2FC3 /* Resources */,
			);
			buildRules = (
			);
			dependencies = (
				6FEBD7EB2A225CDB003C2FC3 /* PBXTargetDependency */,
			);
			name = calcExpressTests;
			productName = calcExpressTests;
			productReference = 6FEBD7E92A225CDB003C2FC3 /* calcExpressTests.xctest */;
			productType = "com.apple.product-type.bundle.unit-test";
		};
		6FEBD7F22A225CDB003C2FC3 /* calcExpressUITests */ = {
			isa = PBXNativeTarget;
			buildConfigurationList = 6FEBD8032A225CDB003C2FC3 /* Build configuration list for PBXNativeTarget "calcExpressUITests" */;
			buildPhases = (
				6FEBD7EF2A225CDB003C2FC3 /* Sources */,
				6FEBD7F02A225CDB003C2FC3 /* Frameworks */,
				6FEBD7F12A225CDB003C2FC3 /* Resources */,
			);
			buildRules = (
			);
			dependencies = (
				6FEBD7F52A225CDB003C2FC3 /* PBXTargetDependency */,
			);
			name = calcExpressUITests;
			productName = calcExpressUITests;
			productReference = 6FEBD7F32A225CDB003C2FC3 /* calcExpressUITests.xctest */;
			productType = "com.apple.product-type.bundle.ui-testing";
		};
/* End PBXNativeTarget section */

/* Begin PBXProject section */
		6FEBD7CB2A225CD9003C2FC3 /* Project object */ = {
			isa = PBXProject;
			attributes = {
				BuildIndependentTargetsInParallel = 1;
				LastSwiftUpdateCheck = 1430;
				LastUpgradeCheck = 1430;
				TargetAttributes = {
					6FEBD7D22A225CDA003C2FC3 = {
						CreatedOnToolsVersion = 14.3;
					};
					6FEBD7E82A225CDB003C2FC3 = {
						CreatedOnToolsVersion = 14.3;
						TestTargetID = 6FEBD7D22A225CDA003C2FC3;
					};
					6FEBD7F22A225CDB003C2FC3 = {
						CreatedOnToolsVersion = 14.3;
						TestTargetID = 6FEBD7D22A225CDA003C2FC3;
					};
				};
			};
			buildConfigurationList = 6FEBD7CE2A225CD9003C2FC3 /* Build configuration list for PBXProject "calcExpress" */;
			compatibilityVersion = "Xcode 14.0";
			developmentRegion = en;
			hasScannedForEncodings = 0;
			knownRegions = (
				en,
				Base,
			);
			mainGroup = 6FEBD7CA2A225CD9003C2FC3;
			productRefGroup = 6FEBD7D42A225CDA003C2FC3 /* Products */;
			projectDirPath = "";
			projectRoot = "";
			targets = (
				6FEBD7D22A225CDA003C2FC3 /* calcExpress */,
				6FEBD7E82A225CDB003C2FC3 /* calcExpressTests */,
				6FEBD7F22A225CDB003C2FC3 /* calcExpressUITests */,
			);
		};
/* End PBXProject section */

/* Begin PBXResourcesBuildPhase section */
		6FEBD7D12A225CDA003C2FC3 /* Resources */ = {
			isa = PBXResourcesBuildPhase;
			buildActionMask = 2147483647;
			files = (
				6FEBD7E32A225CDB003C2FC3 /* LaunchScreen.storyboard in Resources */,
				6FEBD7E02A225CDB003C2FC3 /* Assets.xcassets in Resources */,
				6FEBD7DE2A225CDA003C2FC3 /* Main.storyboard in Resources */,
			);
			runOnlyForDeploymentPostprocessing = 0;
		};
		6FEBD7E72A225CDB003C2FC3 /* Resources */ = {
			isa = PBXResourcesBuildPhase;
			buildActionMask = 2147483647;
			files = (
			);
			runOnlyForDeploymentPostprocessing = 0;
		};
		6FEBD7F12A225CDB003C2FC3 /* Resources */ = {
			isa = PBXResourcesBuildPhase;
			buildActionMask = 2147483647;
			files = (
			);
			runOnlyForDeploymentPostprocessing = 0;
		};
/* End PBXResourcesBuildPhase section */

/* Begin PBXSourcesBuildPhase section */
		6FEBD7CF2A225CDA003C2FC3 /* Sources */ = {
			isa = PBXSourcesBuildPhase;
			buildActionMask = 2147483647;
			files = (
				6FEBD7DB2A225CDA003C2FC3 /* ViewController.swift in Sources */,
				6FEBD7D72A225CDA003C2FC3 /* AppDelegate.swift in Sources */,
				6FEBD7D92A225CDA003C2FC3 /* SceneDelegate.swift in Sources */,
			);
			runOnlyForDeploymentPostprocessing = 0;
		};
		6FEBD7E52A225CDB003C2FC3 /* Sources */ = {
			isa = PBXSourcesBuildPhase;
			buildActionMask = 2147483647;
			files = (
				6FEBD7EE2A225CDB003C2FC3 /* calcExpressTests.swift in Sources */,
			);
			runOnlyForDeploymentPostprocessing = 0;
		};
		6FEBD7EF2A225CDB003C2FC3 /* Sources */ = {
			isa = PBXSourcesBuildPhase;
			buildActionMask = 2147483647;
			files = (
				6FEBD7FA2A225CDB003C2FC3 /* calcExpressUITestsLaunchTests.swift in Sources */,
				6FEBD7F82A225CDB003C2FC3 /* calcExpressUITests.swift in Sources */,
			);
			runOnlyForDeploymentPostprocessing = 0;
		};
/* End PBXSourcesBuildPhase section */

/* Begin PBXTargetDependency section */
		6FEBD7EB2A225CDB003C2FC3 /* PBXTargetDependency */ = {
			isa = PBXTargetDependency;
			target = 6FEBD7D22A225CDA003C2FC3 /* calcExpress */;
			targetProxy = 6FEBD7EA2A225CDB003C2FC3 /* PBXContainerItemProxy */;
		};
		6FEBD7F52A225CDB003C2FC3 /* PBXTargetDependency */ = {
			isa = PBXTargetDependency;
			target = 6FEBD7D22A225CDA003C2FC3 /* calcExpress */;
			targetProxy = 6FEBD7F42A225CDB003C2FC3 /* PBXContainerItemProxy */;
		};
/* End PBXTargetDependency section */

/* Begin PBXVariantGroup section */
		6FEBD7DC2A225CDA003C2FC3 /* Main.storyboard */ = {
			isa = PBXVariantGroup;
			children = (
				6FEBD7DD2A225CDA003C2FC3 /* Base */,
			);
			name = Main.storyboard;
			sourceTree = "<group>";
		};
		6FEBD7E12A225CDB003C2FC3 /* LaunchScreen.storyboard */ = {
			isa = PBXVariantGroup;
			children = (
				6FEBD7E22A225CDB003C2FC3 /* Base */,
			);
			name = LaunchScreen.storyboard;
			sourceTree = "<group>";
		};
/* End PBXVariantGroup section */

/* Begin XCBuildConfiguration section */
		6FEBD7FB2A225CDB003C2FC3 /* Debug */ = {
			isa = XCBuildConfiguration;
			buildSettings = {
				ALWAYS_SEARCH_USER_PATHS = NO;
				CLANG_ANALYZER_NONNULL = YES;
				CLANG_ANALYZER_NUMBER_OBJECT_CONVERSION = YES_AGGRESSIVE;
				CLANG_CXX_LANGUAGE_STANDARD = "gnu++20";
				CLANG_ENABLE_MODULES = YES;
				CLANG_ENABLE_OBJC_ARC = YES;
				CLANG_ENABLE_OBJC_WEAK = YES;
				CLANG_WARN_BLOCK_CAPTURE_AUTORELEASING = YES;
				CLANG_WARN_BOOL_CONVERSION = YES;
				CLANG_WARN_COMMA = YES;
				CLANG_WARN_CONSTANT_CONVERSION = YES;
				CLANG_WARN_DEPRECATED_OBJC_IMPLEMENTATIONS = YES;
				CLANG_WARN_DIRECT_OBJC_ISA_USAGE = YES_ERROR;
				CLANG_WARN_DOCUMENTATION_COMMENTS = YES;
				CLANG_WARN_EMPTY_BODY = YES;
				CLANG_WARN_ENUM_CONVERSION = YES;
				CLANG_WARN_INFINITE_RECURSION = YES;
				CLANG_WARN_INT_CONVERSION = YES;
				CLANG_WARN_NON_LITERAL_NULL_CONVERSION = YES;
				CLANG_WARN_OBJC_IMPLICIT_RETAIN_SELF = YES;
				CLANG_WARN_OBJC_LITERAL_CONVERSION = YES;
				CLANG_WARN_OBJC_ROOT_CLASS = YES_ERROR;
				CLANG_WARN_QUOTED_INCLUDE_IN_FRAMEWORK_HEADER = YES;
				CLANG_WARN_RANGE_LOOP_ANALYSIS = YES;
				CLANG_WARN_STRICT_PROTOTYPES = YES;
				CLANG_WARN_SUSPICIOUS_MOVE = YES;
				CLANG_WARN_UNGUARDED_AVAILABILITY = YES_AGGRESSIVE;
				CLANG_WARN_UNREACHABLE_CODE = YES;
				CLANG_WARN__DUPLICATE_METHOD_MATCH = YES;
				COPY_PHASE_STRIP = NO;
				DEBUG_INFORMATION_FORMAT = dwarf;
				ENABLE_STRICT_OBJC_MSGSEND = YES;
				ENABLE_TESTABILITY = YES;
				GCC_C_LANGUAGE_STANDARD = gnu11;
				GCC_DYNAMIC_NO_PIC = NO;
				GCC_NO_COMMON_BLOCKS = YES;
				GCC_OPTIMIZATION_LEVEL = 0;
				GCC_PREPROCESSOR_DEFINITIONS = (
					"DEBUG=1",
					"$(inherited)",
				);
				GCC_WARN_64_TO_32_BIT_CONVERSION = YES;
				GCC_WARN_ABOUT_RETURN_TYPE = YES_ERROR;
				GCC_WARN_UNDECLARED_SELECTOR = YES;
				GCC_WARN_UNINITIALIZED_AUTOS = YES_AGGRESSIVE;
				GCC_WARN_UNUSED_FUNCTION = YES;
				GCC_WARN_UNUSED_VARIABLE = YES;
				IPHONEOS_DEPLOYMENT_TARGET = 16.4;
				MTL_ENABLE_DEBUG_INFO = INCLUDE_SOURCE;
				MTL_FAST_MATH = YES;
				ONLY_ACTIVE_ARCH = YES;
				SDKROOT = iphoneos;
				SWIFT_ACTIVE_COMPILATION_CONDITIONS = DEBUG;
				SWIFT_OPTIMIZATION_LEVEL = "-Onone";
			};
			name = Debug;
		};
		6FEBD7FC2A225CDB003C2FC3 /* Release */ = {
			isa = XCBuildConfiguration;
			buildSettings = {
				ALWAYS_SEARCH_USER_PATHS = NO;
				CLANG_ANALYZER_NONNULL = YES;
				CLANG_ANALYZER_NUMBER_OBJECT_CONVERSION = YES_AGGRESSIVE;
				CLANG_CXX_LANGUAGE_STANDARD = "gnu++20";
				CLANG_ENABLE_MODULES = YES;
				CLANG_ENABLE_OBJC_ARC = YES;
				CLANG_ENABLE_OBJC_WEAK = YES;
				CLANG_WARN_BLOCK_CAPTURE_AUTORELEASING = YES;
				CLANG_WARN_BOOL_CONVERSION = YES;
				CLANG_WARN_COMMA = YES;
				CLANG_WARN_CONSTANT_CONVERSION = YES;
				CLANG_WARN_DEPRECATED_OBJC_IMPLEMENTATIONS = YES;
				CLANG_WARN_DIRECT_OBJC_ISA_USAGE = YES_ERROR;
				CLANG_WARN_DOCUMENTATION_COMMENTS = YES;
				CLANG_WARN_EMPTY_BODY = YES;
				CLANG_WARN_ENUM_CONVERSION = YES;
				CLANG_WARN_INFINITE_RECURSION = YES;
				CLANG_WARN_INT_CONVERSION = YES;
				CLANG_WARN_NON_LITERAL_NULL_CONVERSION = YES;
				CLANG_WARN_OBJC_IMPLICIT_RETAIN_SELF = YES;
				CLANG_WARN_OBJC_LITERAL_CONVERSION = YES;
				CLANG_WARN_OBJC_ROOT_CLASS = YES_ERROR;
				CLANG_WARN_QUOTED_INCLUDE_IN_FRAMEWORK_HEADER = YES;
				CLANG_WARN_RANGE_LOOP_ANALYSIS = YES;
				CLANG_WARN_STRICT_PROTOTYPES = YES;
				CLANG_WARN_SUSPICIOUS_MOVE = YES;
				CLANG_WARN_UNGUARDED_AVAILABILITY = YES_AGGRESSIVE;
				CLANG_WARN_UNREACHABLE_CODE = YES;
				CLANG_WARN__DUPLICATE_METHOD_MATCH = YES;
				COPY_PHASE_STRIP = NO;
				DEBUG_INFORMATION_FORMAT = "dwarf-with-dsym";
				ENABLE_NS_ASSERTIONS = NO;
				ENABLE_STRICT_OBJC_MSGSEND = YES;
				GCC_C_LANGUAGE_STANDARD = gnu11;
				GCC_NO_COMMON_BLOCKS = YES;
				GCC_WARN_64_TO_32_BIT_CONVERSION = YES;
				GCC_WARN_ABOUT_RETURN_TYPE = YES_ERROR;
				GCC_WARN_UNDECLARED_SELECTOR = YES;
				GCC_WARN_UNINITIALIZED_AUTOS = YES_AGGRESSIVE;
				GCC_WARN_UNUSED_FUNCTION = YES;
				GCC_WARN_UNUSED_VARIABLE = YES;
				IPHONEOS_DEPLOYMENT_TARGET = 16.4;
				MTL_ENABLE_DEBUG_INFO = NO;
				MTL_FAST_MATH = YES;
				SDKROOT = iphoneos;
				SWIFT_COMPILATION_MODE = wholemodule;
				SWIFT_OPTIMIZATION_LEVEL = "-O";
				VALIDATE_PRODUCT = YES;
			};
			name = Release;
		};
		6FEBD7FE2A225CDB003C2FC3 /* Debug */ = {
			isa = XCBuildConfiguration;
			buildSettings = {
				ASSETCATALOG_COMPILER_APPICON_NAME = AppIcon;
				ASSETCATALOG_COMPILER_GLOBAL_ACCENT_COLOR_NAME = AccentColor;
				CODE_SIGN_STYLE = Automatic;
				CURRENT_PROJECT_VERSION = 1;
				GENERATE_INFOPLIST_FILE = YES;
				INFOPLIST_FILE = calcExpress/Info.plist;
				INFOPLIST_KEY_UIApplicationSupportsIndirectInputEvents = YES;
				INFOPLIST_KEY_UILaunchStoryboardName = LaunchScreen;
				INFOPLIST_KEY_UIMainStoryboardFile = Main;
				INFOPLIST_KEY_UISupportedInterfaceOrientations_iPad = "UIInterfaceOrientationPortrait UIInterfaceOrientationPortraitUpsideDown UIInterfaceOrientationLandscapeLeft UIInterfaceOrientationLandscapeRight";
				INFOPLIST_KEY_UISupportedInterfaceOrientations_iPhone = "UIInterfaceOrientationPortrait UIInterfaceOrientationLandscapeLeft UIInterfaceOrientationLandscapeRight";
				LD_RUNPATH_SEARCH_PATHS = (
					"$(inherited)",
					"@executable_path/Frameworks",
				);
				MARKETING_VERSION = 1.0;
				PRODUCT_BUNDLE_IDENTIFIER = com.elikone.calcExpress;
				PRODUCT_NAME = "$(TARGET_NAME)";
				SWIFT_EMIT_LOC_STRINGS = YES;
				SWIFT_VERSION = 5.0;
				TARGETED_DEVICE_FAMILY = "1,2";
			};
			name = Debug;
		};
		6FEBD7FF2A225CDB003C2FC3 /* Release */ = {
			isa = XCBuildConfiguration;
			buildSettings = {
				ASSETCATALOG_COMPILER_APPICON_NAME = AppIcon;
				ASSETCATALOG_COMPILER_GLOBAL_ACCENT_COLOR_NAME = AccentColor;
				CODE_SIGN_STYLE = Automatic;
				CURRENT_PROJECT_VERSION = 1;
				GENERATE_INFOPLIST_FILE = YES;
				INFOPLIST_FILE = calcExpress/Info.plist;
				INFOPLIST_KEY_UIApplicationSupportsIndirectInputEvents = YES;
				INFOPLIST_KEY_UILaunchStoryboardName = LaunchScreen;
				INFOPLIST_KEY_UIMainStoryboardFile = Main;
				INFOPLIST_KEY_UISupportedInterfaceOrientations_iPad = "UIInterfaceOrientationPortrait UIInterfaceOrientationPortraitUpsideDown UIInterfaceOrientationLandscapeLeft UIInterfaceOrientationLandscapeRight";
				INFOPLIST_KEY_UISupportedInterfaceOrientations_iPhone = "UIInterfaceOrientationPortrait UIInterfaceOrientationLandscapeLeft UIInterfaceOrientationLandscapeRight";
				LD_RUNPATH_SEARCH_PATHS = (
					"$(inherited)",
					"@executable_path/Frameworks",
				);
				MARKETING_VERSION = 1.0;
				PRODUCT_BUNDLE_IDENTIFIER = com.elikone.calcExpress;
				PRODUCT_NAME = "$(TARGET_NAME)";
				SWIFT_EMIT_LOC_STRINGS = YES;
				SWIFT_VERSION = 5.0;
				TARGETED_DEVICE_FAMILY = "1,2";
			};
			name = Release;
		};
		6FEBD8012A225CDB003C2FC3 /* Debug */ = {
			isa = XCBuildConfiguration;
			buildSettings = {
				ALWAYS_EMBED_SWIFT_STANDARD_LIBRARIES = YES;
				BUNDLE_LOADER = "$(TEST_HOST)";
				CODE_SIGN_STYLE = Automatic;
				CURRENT_PROJECT_VERSION = 1;
				GENERATE_INFOPLIST_FILE = YES;
				IPHONEOS_DEPLOYMENT_TARGET = 16.4;
				MARKETING_VERSION = 1.0;
				PRODUCT_BUNDLE_IDENTIFIER = com.elikone.calcExpressTests;
				PRODUCT_NAME = "$(TARGET_NAME)";
				SWIFT_EMIT_LOC_STRINGS = NO;
				SWIFT_VERSION = 5.0;
				TARGETED_DEVICE_FAMILY = "1,2";
				TEST_HOST = "$(BUILT_PRODUCTS_DIR)/calcExpress.app/$(BUNDLE_EXECUTABLE_FOLDER_PATH)/calcExpress";
			};
			name = Debug;
		};
		6FEBD8022A225CDB003C2FC3 /* Release */ = {
			isa = XCBuildConfiguration;
			buildSettings = {
				ALWAYS_EMBED_SWIFT_STANDARD_LIBRARIES = YES;
				BUNDLE_LOADER = "$(TEST_HOST)";
				CODE_SIGN_STYLE = Automatic;
				CURRENT_PROJECT_VERSION = 1;
				GENERATE_INFOPLIST_FILE = YES;
				IPHONEOS_DEPLOYMENT_TARGET = 16.4;
				MARKETING_VERSION = 1.0;
				PRODUCT_BUNDLE_IDENTIFIER = com.elikone.calcExpressTests;
				PRODUCT_NAME = "$(TARGET_NAME)";
				SWIFT_EMIT_LOC_STRINGS = NO;
				SWIFT_VERSION = 5.0;
				TARGETED_DEVICE_FAMILY = "1,2";
				TEST_HOST = "$(BUILT_PRODUCTS_DIR)/calcExpress.app/$(BUNDLE_EXECUTABLE_FOLDER_PATH)/calcExpress";
			};
			name = Release;
		};
		6FEBD8042A225CDB003C2FC3 /* Debug */ = {
			isa = XCBuildConfiguration;
			buildSettings = {
				ALWAYS_EMBED_SWIFT_STANDARD_LIBRARIES = YES;
				CODE_SIGN_STYLE = Automatic;
				CURRENT_PROJECT_VERSION = 1;
				GENERATE_INFOPLIST_FILE = YES;
				MARKETING_VERSION = 1.0;
				PRODUCT_BUNDLE_IDENTIFIER = com.elikone.calcExpressUITests;
				PRODUCT_NAME = "$(TARGET_NAME)";
				SWIFT_EMIT_LOC_STRINGS = NO;
				SWIFT_VERSION = 5.0;
				TARGETED_DEVICE_FAMILY = "1,2";
				TEST_TARGET_NAME = calcExpress;
			};
			name = Debug;
		};
		6FEBD8052A225CDB003C2FC3 /* Release */ = {
			isa = XCBuildConfiguration;
			buildSettings = {
				ALWAYS_EMBED_SWIFT_STANDARD_LIBRARIES = YES;
				CODE_SIGN_STYLE = Automatic;
				CURRENT_PROJECT_VERSION = 1;
				GENERATE_INFOPLIST_FILE = YES;
				MARKETING_VERSION = 1.0;
				PRODUCT_BUNDLE_IDENTIFIER = com.elikone.calcExpressUITests;
				PRODUCT_NAME = "$(TARGET_NAME)";
				SWIFT_EMIT_LOC_STRINGS = NO;
				SWIFT_VERSION = 5.0;
				TARGETED_DEVICE_FAMILY = "1,2";
				TEST_TARGET_NAME = calcExpress;
			};
			name = Release;
		};
/* End XCBuildConfiguration section */

/* Begin XCConfigurationList section */
		6FEBD7CE2A225CD9003C2FC3 /* Build configuration list for PBXProject "calcExpress" */ = {
			isa = XCConfigurationList;
			buildConfigurations = (
				6FEBD7FB2A225CDB003C2FC3 /* Debug */,
				6FEBD7FC2A225CDB003C2FC3 /* Release */,
			);
			defaultConfigurationIsVisible = 0;
			defaultConfigurationName = Release;
		};
		6FEBD7FD2A225CDB003C2FC3 /* Build configuration list for PBXNativeTarget "calcExpress" */ = {
			isa = XCConfigurationList;
			buildConfigurations = (
				6FEBD7FE2A225CDB003C2FC3 /* Debug */,
				6FEBD7FF2A225CDB003C2FC3 /* Release */,
			);
			defaultConfigurationIsVisible = 0;
			defaultConfigurationName = Release;
		};
		6FEBD8002A225CDB003C2FC3 /* Build configuration list for PBXNativeTarget "calcExpressTests" */ = {
			isa = XCConfigurationList;
			buildConfigurations = (
				6FEBD8012A225CDB003C2FC3 /* Debug */,
				6FEBD8022A225CDB003C2FC3 /* Release */,
			);
			defaultConfigurationIsVisible = 0;
			defaultConfigurationName = Release;
		};
		6FEBD8032A225CDB003C2FC3 /* Build configuration list for PBXNativeTarget "calcExpressUITests" */ = {
			isa = XCConfigurationList;
			buildConfigurations = (
				6FEBD8042A225CDB003C2FC3 /* Debug */,
				6FEBD8052A225CDB003C2FC3 /* Release */,
			);
			defaultConfigurationIsVisible = 0;
			defaultConfigurationName = Release;
		};
/* End XCConfigurationList section */
	};
	rootObject = 6FEBD7CB2A225CD9003C2FC3 /* Project object */;
}
